
Microsoft Visual Studio Solution File, Format Version 12.00
# Visual Studio Version 17
VisualStudioVersion = 17.0.31903.59
MinimumVisualStudioVersion = 10.0.40219.1
Project("{FAE04EC0-301F-11D3-BF4B-00C04F79EFBC}") = "AnimalKingdom", "AnimalKingdom\AnimalKingdom.csproj", "{8FC35CE8-E2F6-42FC-B62A-0EF68F50BC0E}"
EndProject
Project("{FAE04EC0-301F-11D3-BF4B-00C04F79EFBC}") = "PlayerManager1", "PlayerManager1\PlayerManager1.csproj", "{11C09639-C2AC-4DCE-9D5D-8D6BA13C3923}"
EndProject
Project("{FAE04EC0-301F-11D3-BF4B-00C04F79EFBC}") = "PlayerManager2", "PlayerManager2\PlayerManager2.csproj", "{85330339-02B0-4DA5-B74B-F40727CF3BA0}"
EndProject
Project("{FAE04EC0-301F-11D3-BF4B-00C04F79EFBC}") = "PlayerManager3", "PlayerManager3\PlayerManager3.csproj", "{4D3CFE10-09D3-4F23-97D7-83A1D268470D}"
EndProject
Global
	GlobalSection(SolutionConfigurationPlatforms) = preSolution
		Debug|Any CPU = Debug|Any CPU
		Debug|x64 = Debug|x64
		Debug|x86 = Debug|x86
		Release|Any CPU = Release|Any CPU
		Release|x64 = Release|x64
		Release|x86 = Release|x86
	EndGlobalSection
	GlobalSection(ProjectConfigurationPlatforms) = postSolution
		{8FC35CE8-E2F6-42FC-B62A-0EF68F50BC0E}.Debug|Any CPU.ActiveCfg = Debug|Any CPU
		{8FC35CE8-E2F6-42FC-B62A-0EF68F50BC0E}.Debug|Any CPU.Build.0 = Debug|Any CPU
		{8FC35CE8-E2F6-42FC-B62A-0EF68F50BC0E}.Debug|x64.ActiveCfg = Debug|Any CPU
		{8FC35CE8-E2F6-42FC-B62A-0EF68F50BC0E}.Debug|x64.Build.0 = Debug|Any CPU
		{8FC35CE8-E2F6-42FC-B62A-0EF68F50BC0E}.Debug|x86.ActiveCfg = Debug|Any CPU
		{8FC35CE8-E2F6-42FC-B62A-0EF68F50BC0E}.Debug|x86.Build.0 = Debug|Any CPU
		{8FC35CE8-E2F6-42FC-B62A-0EF68F50BC0E}.Release|Any CPU.ActiveCfg = Release|Any CPU
		{8FC35CE8-E2F6-42FC-B62A-0EF68F50BC0E}.Release|Any CPU.Build.0 = Release|Any CPU
		{8FC35CE8-E2F6-42FC-B62A-0EF68F50BC0E}.Release|x64.ActiveCfg = Release|Any CPU
		{8FC35CE8-E2F6-42FC-B62A-0EF68F50BC0E}.Release|x64.Build.0 = Release|Any CPU
		{8FC35CE8-E2F6-42FC-B62A-0EF68F50BC0E}.Release|x86.ActiveCfg = Release|Any CPU
		{8FC35CE8-E2F6-42FC-B62A-0EF68F50BC0E}.Release|x86.Build.0 = Release|Any CPU
		{11C09639-C2AC-4DCE-9D5D-8D6BA13C3923}.Debug|Any CPU.ActiveCfg = Debug|Any CPU
		{11C09639-C2AC-4DCE-9D5D-8D6BA13C3923}.Debug|Any CPU.Build.0 = Debug|Any CPU
		{11C09639-C2AC-4DCE-9D5D-8D6BA13C3923}.Debug|x64.ActiveCfg = Debug|Any CPU
		{11C09639-C2AC-4DCE-9D5D-8D6BA13C3923}.Debug|x64.Build.0 = Debug|Any CPU
		{11C09639-C2AC-4DCE-9D5D-8D6BA13C3923}.Debug|x86.ActiveCfg = Debug|Any CPU
		{11C09639-C2AC-4DCE-9D5D-8D6BA13C3923}.Debug|x86.Build.0 = Debug|Any CPU
		{11C09639-C2AC-4DCE-9D5D-8D6BA13C3923}.Release|Any CPU.ActiveCfg = Release|Any CPU
		{11C09639-C2AC-4DCE-9D5D-8D6BA13C3923}.Release|Any CPU.Build.0 = Release|Any CPU
		{11C09639-C2AC-4DCE-9D5D-8D6BA13C3923}.Release|x64.ActiveCfg = Release|Any CPU
		{11C09639-C2AC-4DCE-9D5D-8D6BA13C3923}.Release|x64.Build.0 = Release|Any CPU
		{11C09639-C2AC-4DCE-9D5D-8D6BA13C3923}.Release|x86.ActiveCfg = Release|Any CPU
		{11C09639-C2AC-4DCE-9D5D-8D6BA13C3923}.Release|x86.Build.0 = Release|Any CPU
		{85330339-02B0-4DA5-B74B-F40727CF3BA0}.Debug|Any CPU.ActiveCfg = Debug|Any CPU
		{85330339-02B0-4DA5-B74B-F40727CF3BA0}.Debug|Any CPU.Build.0 = Debug|Any CPU
		{85330339-02B0-4DA5-B74B-F40727CF3BA0}.Debug|x64.ActiveCfg = Debug|Any CPU
		{85330339-02B0-4DA5-B74B-F40727CF3BA0}.Debug|x64.Build.0 = Debug|Any CPU
		{85330339-02B0-4DA5-B74B-F40727CF3BA0}.Debug|x86.ActiveCfg = Debug|Any CPU
		{85330339-02B0-4DA5-B74B-F40727CF3BA0}.Debug|x86.Build.0 = Debug|Any CPU
		{85330339-02B0-4DA5-B74B-F40727CF3BA0}.Release|Any CPU.ActiveCfg = Release|Any CPU
		{85330339-02B0-4DA5-B74B-F40727CF3BA0}.Release|Any CPU.Build.0 = Release|Any CPU
		{85330339-02B0-4DA5-B74B-F40727CF3BA0}.Release|x64.ActiveCfg = Release|Any CPU
		{85330339-02B0-4DA5-B74B-F40727CF3BA0}.Release|x64.Build.0 = Release|Any CPU
		{85330339-02B0-4DA5-B74B-F40727CF3BA0}.Release|x86.ActiveCfg = Release|Any CPU
		{85330339-02B0-4DA5-B74B-F40727CF3BA0}.Release|x86.Build.0 = Release|Any CPU
		{4D3CFE10-09D3-4F23-97D7-83A1D268470D}.Debug|Any CPU.ActiveCfg = Debug|Any CPU
		{4D3CFE10-09D3-4F23-97D7-83A1D268470D}.Debug|Any CPU.Build.0 = Debug|Any CPU
		{4D3CFE10-09D3-4F23-97D7-83A1D268470D}.Debug|x64.ActiveCfg = Debug|Any CPU
		{4D3CFE10-09D3-4F23-97D7-83A1D268470D}.Debug|x64.Build.0 = Debug|Any CPU
		{4D3CFE10-09D3-4F23-97D7-83A1D268470D}.Debug|x86.ActiveCfg = Debug|Any CPU
		{4D3CFE10-09D3-4F23-97D7-83A1D268470D}.Debug|x86.Build.0 = Debug|Any CPU
		{4D3CFE10-09D3-4F23-97D7-83A1D268470D}.Release|Any CPU.ActiveCfg = Release|Any CPU
		{4D3CFE10-09D3-4F23-97D7-83A1D268470D}.Release|Any CPU.Build.0 = Release|Any CPU
		{4D3CFE10-09D3-4F23-97D7-83A1D268470D}.Release|x64.ActiveCfg = Release|Any CPU
		{4D3CFE10-09D3-4F23-97D7-83A1D268470D}.Release|x64.Build.0 = Release|Any CPU
		{4D3CFE10-09D3-4F23-97D7-83A1D268470D}.Release|x86.ActiveCfg = Release|Any CPU
		{4D3CFE10-09D3-4F23-97D7-83A1D268470D}.Release|x86.Build.0 = Release|Any CPU
	EndGlobalSection
	GlobalSection(SolutionProperties) = preSolution
		HideSolutionNode = FALSE
	EndGlobalSection
EndGlobal
